// !$*UTF8*$!
{
	archiveVersion = 1;
	classes = {
	};
	objectVersion = 55;
	objects = {

/* Begin PBXBuildFile section */
		4BC5B07F2B545C1855667F36 /* Pods_Dabu.framework in Frameworks */ = {isa = PBXBuildFile; fileRef = DCC8FFA39CED680C248E25FC /* Pods_Dabu.framework */; };
		5B0BFE9527FD731B0030BC6F /* TopAnimeCollectionCell.swift in Sources */ = {isa = PBXBuildFile; fileRef = 5B0BFE9427FD731B0030BC6F /* TopAnimeCollectionCell.swift */; };
		5B0BFE9727FD7D770030BC6F /* Anime.swift in Sources */ = {isa = PBXBuildFile; fileRef = 5B0BFE9627FD7D770030BC6F /* Anime.swift */; };
		5B0BFE9927FD7E140030BC6F /* Clips.swift in Sources */ = {isa = PBXBuildFile; fileRef = 5B0BFE9827FD7E140030BC6F /* Clips.swift */; };
		5B0BFE9B27FD8D0C0030BC6F /* PresentationController.swift in Sources */ = {isa = PBXBuildFile; fileRef = 5B0BFE9A27FD8D0C0030BC6F /* PresentationController.swift */; };
		5B0BFE9F27FD942A0030BC6F /* UserProfile.xib in Resources */ = {isa = PBXBuildFile; fileRef = 5B0BFE9E27FD942A0030BC6F /* UserProfile.xib */; };
		5B0BFEA327FD96AE0030BC6F /* UserProfile.swift in Sources */ = {isa = PBXBuildFile; fileRef = 5B0BFEA227FD96AE0030BC6F /* UserProfile.swift */; };
		5B0BFEAD27FED0190030BC6F /* AnimeListCollectionCell.swift in Sources */ = {isa = PBXBuildFile; fileRef = 5B0BFEAC27FED0190030BC6F /* AnimeListCollectionCell.swift */; };
		5B0BFEB027FED5030030BC6F /* AnimeDetailViewController.swift in Sources */ = {isa = PBXBuildFile; fileRef = 5B0BFEAF27FED5030030BC6F /* AnimeDetailViewController.swift */; };
		5B26CC7927FC0F1000667152 /* RecommendedCollectionCell.swift in Sources */ = {isa = PBXBuildFile; fileRef = 5B26CC7827FC0F1000667152 /* RecommendedCollectionCell.swift */; };
		5B26CCBB27FC38D800667152 /* SearchVC.swift in Sources */ = {isa = PBXBuildFile; fileRef = 5B26CCBA27FC38D800667152 /* SearchVC.swift */; };
		5B26CCBD27FC38EC00667152 /* BookmarkVC.swift in Sources */ = {isa = PBXBuildFile; fileRef = 5B26CCBC27FC38EC00667152 /* BookmarkVC.swift */; };
		5BA7C7A32804AF8A00DC3F95 /* ResultViewController.swift in Sources */ = {isa = PBXBuildFile; fileRef = 5BA7C7A22804AF8A00DC3F95 /* ResultViewController.swift */; };
		5BA7C7AA2805046E00DC3F95 /* CircularProgressBarView.swift in Sources */ = {isa = PBXBuildFile; fileRef = 5BA7C7A92805046E00DC3F95 /* CircularProgressBarView.swift */; };
		5BA7C7AC2805165400DC3F95 /* SearchResultViewController.swift in Sources */ = {isa = PBXBuildFile; fileRef = 5BA7C7AB2805165400DC3F95 /* SearchResultViewController.swift */; };
		5BA7C7AE28051A6F00DC3F95 /* ProgressTrackerBarView.swift in Sources */ = {isa = PBXBuildFile; fileRef = 5BA7C7AD28051A6F00DC3F95 /* ProgressTrackerBarView.swift */; };
		5BA7C7B028067ECC00DC3F95 /* gojo.mp4 in Resources */ = {isa = PBXBuildFile; fileRef = 5BA7C7AF28067ECC00DC3F95 /* gojo.mp4 */; };
		5BC183422803FC57008C39A4 /* BookmarkTableViewCell.swift in Sources */ = {isa = PBXBuildFile; fileRef = 5BC183412803FC57008C39A4 /* BookmarkTableViewCell.swift */; };
		5BC183442804035D008C39A4 /* AnimeClipDetailViewController.swift in Sources */ = {isa = PBXBuildFile; fileRef = 5BC183432804035D008C39A4 /* AnimeClipDetailViewController.swift */; };
		5BC18346280410E9008C39A4 /* AnimeDetailClipsTableViewCell.swift in Sources */ = {isa = PBXBuildFile; fileRef = 5BC18345280410E9008C39A4 /* AnimeDetailClipsTableViewCell.swift */; };
		5BD6A81227FB2F3900EA2A14 /* AppDelegate.swift in Sources */ = {isa = PBXBuildFile; fileRef = 5BD6A81127FB2F3900EA2A14 /* AppDelegate.swift */; };
		5BD6A81427FB2F3900EA2A14 /* SceneDelegate.swift in Sources */ = {isa = PBXBuildFile; fileRef = 5BD6A81327FB2F3900EA2A14 /* SceneDelegate.swift */; };
		5BD6A81627FB2F3900EA2A14 /* WatchNow.swift in Sources */ = {isa = PBXBuildFile; fileRef = 5BD6A81527FB2F3900EA2A14 /* WatchNow.swift */; };
		5BD6A81927FB2F3900EA2A14 /* Main.storyboard in Resources */ = {isa = PBXBuildFile; fileRef = 5BD6A81727FB2F3900EA2A14 /* Main.storyboard */; };
		5BD6A81B27FB2F3A00EA2A14 /* Assets.xcassets in Resources */ = {isa = PBXBuildFile; fileRef = 5BD6A81A27FB2F3A00EA2A14 /* Assets.xcassets */; };
		5BD6A81E27FB2F3A00EA2A14 /* LaunchScreen.storyboard in Resources */ = {isa = PBXBuildFile; fileRef = 5BD6A81C27FB2F3A00EA2A14 /* LaunchScreen.storyboard */; };
		5BD6A82927FB2F3A00EA2A14 /* DabuTests.swift in Sources */ = {isa = PBXBuildFile; fileRef = 5BD6A82827FB2F3A00EA2A14 /* DabuTests.swift */; };
		5BD6A83327FB2F3A00EA2A14 /* DabuUITests.swift in Sources */ = {isa = PBXBuildFile; fileRef = 5BD6A83227FB2F3A00EA2A14 /* DabuUITests.swift */; };
		5BD6A83527FB2F3A00EA2A14 /* DabuUITestsLaunchTests.swift in Sources */ = {isa = PBXBuildFile; fileRef = 5BD6A83427FB2F3A00EA2A14 /* DabuUITestsLaunchTests.swift */; };
		5BD6A84627FB4B2C00EA2A14 /* OtherClipsCollectionCell.swift in Sources */ = {isa = PBXBuildFile; fileRef = 5BD6A84527FB4B2C00EA2A14 /* OtherClipsCollectionCell.swift */; };
		5BFC283A28048E6A004238DE /* InClipViewController.swift in Sources */ = {isa = PBXBuildFile; fileRef = 5BFC283928048E6A004238DE /* InClipViewController.swift */; };
		5BFC283D28049DD4004238DE /* ClipPanelViewController.swift in Sources */ = {isa = PBXBuildFile; fileRef = 5BFC283C28049DD4004238DE /* ClipPanelViewController.swift */; };
/* End PBXBuildFile section */

/* Begin PBXContainerItemProxy section */
		5BD6A82527FB2F3A00EA2A14 /* PBXContainerItemProxy */ = {
			isa = PBXContainerItemProxy;
			containerPortal = 5BD6A80627FB2F3900EA2A14 /* Project object */;
			proxyType = 1;
			remoteGlobalIDString = 5BD6A80D27FB2F3900EA2A14;
			remoteInfo = Dabu;
		};
		5BD6A82F27FB2F3A00EA2A14 /* PBXContainerItemProxy */ = {
			isa = PBXContainerItemProxy;
			containerPortal = 5BD6A80627FB2F3900EA2A14 /* Project object */;
			proxyType = 1;
			remoteGlobalIDString = 5BD6A80D27FB2F3900EA2A14;
			remoteInfo = Dabu;
		};
/* End PBXContainerItemProxy section */

/* Begin PBXFileReference section */
		1FDEAD81FDB593558E2E581F /* Pods-Dabu.release.xcconfig */ = {isa = PBXFileReference; includeInIndex = 1; lastKnownFileType = text.xcconfig; name = "Pods-Dabu.release.xcconfig"; path = "Target Support Files/Pods-Dabu/Pods-Dabu.release.xcconfig"; sourceTree = "<group>"; };
		5B0BFE9427FD731B0030BC6F /* TopAnimeCollectionCell.swift */ = {isa = PBXFileReference; lastKnownFileType = sourcecode.swift; path = TopAnimeCollectionCell.swift; sourceTree = "<group>"; };
		5B0BFE9627FD7D770030BC6F /* Anime.swift */ = {isa = PBXFileReference; lastKnownFileType = sourcecode.swift; path = Anime.swift; sourceTree = "<group>"; };
		5B0BFE9827FD7E140030BC6F /* Clips.swift */ = {isa = PBXFileReference; lastKnownFileType = sourcecode.swift; path = Clips.swift; sourceTree = "<group>"; };
		5B0BFE9A27FD8D0C0030BC6F /* PresentationController.swift */ = {isa = PBXFileReference; lastKnownFileType = sourcecode.swift; path = PresentationController.swift; sourceTree = "<group>"; };
		5B0BFE9E27FD942A0030BC6F /* UserProfile.xib */ = {isa = PBXFileReference; lastKnownFileType = file.xib; path = UserProfile.xib; sourceTree = "<group>"; };
		5B0BFEA227FD96AE0030BC6F /* UserProfile.swift */ = {isa = PBXFileReference; lastKnownFileType = sourcecode.swift; path = UserProfile.swift; sourceTree = "<group>"; };
		5B0BFEAC27FED0190030BC6F /* AnimeListCollectionCell.swift */ = {isa = PBXFileReference; lastKnownFileType = sourcecode.swift; path = AnimeListCollectionCell.swift; sourceTree = "<group>"; };
		5B0BFEAF27FED5030030BC6F /* AnimeDetailViewController.swift */ = {isa = PBXFileReference; lastKnownFileType = sourcecode.swift; path = AnimeDetailViewController.swift; sourceTree = "<group>"; };
		5B26CC7827FC0F1000667152 /* RecommendedCollectionCell.swift */ = {isa = PBXFileReference; lastKnownFileType = sourcecode.swift; path = RecommendedCollectionCell.swift; sourceTree = "<group>"; };
		5B26CCBA27FC38D800667152 /* SearchVC.swift */ = {isa = PBXFileReference; lastKnownFileType = sourcecode.swift; path = SearchVC.swift; sourceTree = "<group>"; };
		5B26CCBC27FC38EC00667152 /* BookmarkVC.swift */ = {isa = PBXFileReference; lastKnownFileType = sourcecode.swift; path = BookmarkVC.swift; sourceTree = "<group>"; };
		5BA7C7A22804AF8A00DC3F95 /* ResultViewController.swift */ = {isa = PBXFileReference; lastKnownFileType = sourcecode.swift; path = ResultViewController.swift; sourceTree = "<group>"; };
		5BA7C7A92805046E00DC3F95 /* CircularProgressBarView.swift */ = {isa = PBXFileReference; lastKnownFileType = sourcecode.swift; path = CircularProgressBarView.swift; sourceTree = "<group>"; };
		5BA7C7AB2805165400DC3F95 /* SearchResultViewController.swift */ = {isa = PBXFileReference; lastKnownFileType = sourcecode.swift; path = SearchResultViewController.swift; sourceTree = "<group>"; };
		5BA7C7AD28051A6F00DC3F95 /* ProgressTrackerBarView.swift */ = {isa = PBXFileReference; lastKnownFileType = sourcecode.swift; path = ProgressTrackerBarView.swift; sourceTree = "<group>"; };
		5BA7C7AF28067ECC00DC3F95 /* gojo.mp4 */ = {isa = PBXFileReference; lastKnownFileType = file; name = gojo.mp4; path = ../../Assets/video/gojo.mp4; sourceTree = "<group>"; };
		5BC183412803FC57008C39A4 /* BookmarkTableViewCell.swift */ = {isa = PBXFileReference; lastKnownFileType = sourcecode.swift; path = BookmarkTableViewCell.swift; sourceTree = "<group>"; };
		5BC183432804035D008C39A4 /* AnimeClipDetailViewController.swift */ = {isa = PBXFileReference; lastKnownFileType = sourcecode.swift; path = AnimeClipDetailViewController.swift; sourceTree = "<group>"; };
		5BC18345280410E9008C39A4 /* AnimeDetailClipsTableViewCell.swift */ = {isa = PBXFileReference; lastKnownFileType = sourcecode.swift; path = AnimeDetailClipsTableViewCell.swift; sourceTree = "<group>"; };
		5BD6A80E27FB2F3900EA2A14 /* Dabu.app */ = {isa = PBXFileReference; explicitFileType = wrapper.application; includeInIndex = 0; path = Dabu.app; sourceTree = BUILT_PRODUCTS_DIR; };
		5BD6A81127FB2F3900EA2A14 /* AppDelegate.swift */ = {isa = PBXFileReference; lastKnownFileType = sourcecode.swift; path = AppDelegate.swift; sourceTree = "<group>"; };
		5BD6A81327FB2F3900EA2A14 /* SceneDelegate.swift */ = {isa = PBXFileReference; lastKnownFileType = sourcecode.swift; path = SceneDelegate.swift; sourceTree = "<group>"; };
		5BD6A81527FB2F3900EA2A14 /* WatchNow.swift */ = {isa = PBXFileReference; lastKnownFileType = sourcecode.swift; path = WatchNow.swift; sourceTree = "<group>"; };
		5BD6A81827FB2F3900EA2A14 /* Base */ = {isa = PBXFileReference; lastKnownFileType = file.storyboard; name = Base; path = Base.lproj/Main.storyboard; sourceTree = "<group>"; };
		5BD6A81A27FB2F3A00EA2A14 /* Assets.xcassets */ = {isa = PBXFileReference; lastKnownFileType = folder.assetcatalog; path = Assets.xcassets; sourceTree = "<group>"; };
		5BD6A81D27FB2F3A00EA2A14 /* Base */ = {isa = PBXFileReference; lastKnownFileType = file.storyboard; name = Base; path = Base.lproj/LaunchScreen.storyboard; sourceTree = "<group>"; };
		5BD6A81F27FB2F3A00EA2A14 /* Info.plist */ = {isa = PBXFileReference; lastKnownFileType = text.plist.xml; path = Info.plist; sourceTree = "<group>"; };
		5BD6A82427FB2F3A00EA2A14 /* DabuTests.xctest */ = {isa = PBXFileReference; explicitFileType = wrapper.cfbundle; includeInIndex = 0; path = DabuTests.xctest; sourceTree = BUILT_PRODUCTS_DIR; };
		5BD6A82827FB2F3A00EA2A14 /* DabuTests.swift */ = {isa = PBXFileReference; lastKnownFileType = sourcecode.swift; path = DabuTests.swift; sourceTree = "<group>"; };
		5BD6A82E27FB2F3A00EA2A14 /* DabuUITests.xctest */ = {isa = PBXFileReference; explicitFileType = wrapper.cfbundle; includeInIndex = 0; path = DabuUITests.xctest; sourceTree = BUILT_PRODUCTS_DIR; };
		5BD6A83227FB2F3A00EA2A14 /* DabuUITests.swift */ = {isa = PBXFileReference; lastKnownFileType = sourcecode.swift; path = DabuUITests.swift; sourceTree = "<group>"; };
		5BD6A83427FB2F3A00EA2A14 /* DabuUITestsLaunchTests.swift */ = {isa = PBXFileReference; lastKnownFileType = sourcecode.swift; path = DabuUITestsLaunchTests.swift; sourceTree = "<group>"; };
		5BD6A84527FB4B2C00EA2A14 /* OtherClipsCollectionCell.swift */ = {isa = PBXFileReference; lastKnownFileType = sourcecode.swift; path = OtherClipsCollectionCell.swift; sourceTree = "<group>"; };
		5BFC283928048E6A004238DE /* InClipViewController.swift */ = {isa = PBXFileReference; lastKnownFileType = sourcecode.swift; path = InClipViewController.swift; sourceTree = "<group>"; };
		5BFC283C28049DD4004238DE /* ClipPanelViewController.swift */ = {isa = PBXFileReference; lastKnownFileType = sourcecode.swift; path = ClipPanelViewController.swift; sourceTree = "<group>"; };
		DCC8FFA39CED680C248E25FC /* Pods_Dabu.framework */ = {isa = PBXFileReference; explicitFileType = wrapper.framework; includeInIndex = 0; path = Pods_Dabu.framework; sourceTree = BUILT_PRODUCTS_DIR; };
		FBE7CE520327C63043401950 /* Pods-Dabu.debug.xcconfig */ = {isa = PBXFileReference; includeInIndex = 1; lastKnownFileType = text.xcconfig; name = "Pods-Dabu.debug.xcconfig"; path = "Target Support Files/Pods-Dabu/Pods-Dabu.debug.xcconfig"; sourceTree = "<group>"; };
/* End PBXFileReference section */

/* Begin PBXFrameworksBuildPhase section */
		5BD6A80B27FB2F3900EA2A14 /* Frameworks */ = {
			isa = PBXFrameworksBuildPhase;
			buildActionMask = 2147483647;
			files = (
				4BC5B07F2B545C1855667F36 /* Pods_Dabu.framework in Frameworks */,
			);
			runOnlyForDeploymentPostprocessing = 0;
		};
		5BD6A82127FB2F3A00EA2A14 /* Frameworks */ = {
			isa = PBXFrameworksBuildPhase;
			buildActionMask = 2147483647;
			files = (
			);
			runOnlyForDeploymentPostprocessing = 0;
		};
		5BD6A82B27FB2F3A00EA2A14 /* Frameworks */ = {
			isa = PBXFrameworksBuildPhase;
			buildActionMask = 2147483647;
			files = (
			);
			runOnlyForDeploymentPostprocessing = 0;
		};
/* End PBXFrameworksBuildPhase section */

/* Begin PBXGroup section */
		5B0BFEA427FEBB5E0030BC6F /* Controllers */ = {
			isa = PBXGroup;
			children = (
				5BFC283B28049DB4004238DE /* Panel */,
				5BB05465280034DB0073FB67 /* Table View */,
				5B0BFEAE27FED4D60030BC6F /* View */,
				5B0BFEA827FEBBCF0030BC6F /* Modal */,
				5B0BFEA727FEBBBF0030BC6F /* Collection */,
				5B0BFEA627FEBB960030BC6F /* Tab Bar */,
			);
			path = Controllers;
			sourceTree = "<group>";
		};
		5B0BFEA527FEBB6A0030BC6F /* Models */ = {
			isa = PBXGroup;
			children = (
				5B0BFE9627FD7D770030BC6F /* Anime.swift */,
				5B0BFE9827FD7E140030BC6F /* Clips.swift */,
			);
			path = Models;
			sourceTree = "<group>";
		};
		5B0BFEA627FEBB960030BC6F /* Tab Bar */ = {
			isa = PBXGroup;
			children = (
				5BD6A81527FB2F3900EA2A14 /* WatchNow.swift */,
				5B26CCBA27FC38D800667152 /* SearchVC.swift */,
				5B26CCBC27FC38EC00667152 /* BookmarkVC.swift */,
			);
			path = "Tab Bar";
			sourceTree = "<group>";
		};
		5B0BFEA727FEBBBF0030BC6F /* Collection */ = {
			isa = PBXGroup;
			children = (
				5BD6A84527FB4B2C00EA2A14 /* OtherClipsCollectionCell.swift */,
				5B26CC7827FC0F1000667152 /* RecommendedCollectionCell.swift */,
				5B0BFE9427FD731B0030BC6F /* TopAnimeCollectionCell.swift */,
				5B0BFEAC27FED0190030BC6F /* AnimeListCollectionCell.swift */,
			);
			path = Collection;
			sourceTree = "<group>";
		};
		5B0BFEA827FEBBCF0030BC6F /* Modal */ = {
			isa = PBXGroup;
			children = (
				5B0BFEA927FEBBDD0030BC6F /* Profile */,
			);
			path = Modal;
			sourceTree = "<group>";
		};
		5B0BFEA927FEBBDD0030BC6F /* Profile */ = {
			isa = PBXGroup;
			children = (
				5B0BFE9A27FD8D0C0030BC6F /* PresentationController.swift */,
				5B0BFE9E27FD942A0030BC6F /* UserProfile.xib */,
				5B0BFEA227FD96AE0030BC6F /* UserProfile.swift */,
			);
			path = Profile;
			sourceTree = "<group>";
		};
		5B0BFEAE27FED4D60030BC6F /* View */ = {
			isa = PBXGroup;
			children = (
				5B0BFEAF27FED5030030BC6F /* AnimeDetailViewController.swift */,
				5BC183432804035D008C39A4 /* AnimeClipDetailViewController.swift */,
				5BFC283928048E6A004238DE /* InClipViewController.swift */,
				5BA7C7A22804AF8A00DC3F95 /* ResultViewController.swift */,
				5BA7C7AB2805165400DC3F95 /* SearchResultViewController.swift */,
			);
			path = View;
			sourceTree = "<group>";
		};
		5BA7C7A62804B53300DC3F95 /* Progress View */ = {
			isa = PBXGroup;
			children = (
				5BA7C7A92805046E00DC3F95 /* CircularProgressBarView.swift */,
				5BA7C7AD28051A6F00DC3F95 /* ProgressTrackerBarView.swift */,
			);
			path = "Progress View";
			sourceTree = "<group>";
		};
		5BB05465280034DB0073FB67 /* Table View */ = {
			isa = PBXGroup;
			children = (
				5BC183412803FC57008C39A4 /* BookmarkTableViewCell.swift */,
				5BC18345280410E9008C39A4 /* AnimeDetailClipsTableViewCell.swift */,
			);
			path = "Table View";
			sourceTree = "<group>";
		};
		5BD6A80527FB2F3900EA2A14 = {
			isa = PBXGroup;
			children = (
				5BD6A81027FB2F3900EA2A14 /* Dabu */,
				5BD6A82727FB2F3A00EA2A14 /* DabuTests */,
				5BD6A83127FB2F3A00EA2A14 /* DabuUITests */,
				5BD6A80F27FB2F3900EA2A14 /* Products */,
				ABE8D99B433FB744DF22F849 /* Pods */,
				91837C986CF8F56F129750E5 /* Frameworks */,
			);
			sourceTree = "<group>";
		};
		5BD6A80F27FB2F3900EA2A14 /* Products */ = {
			isa = PBXGroup;
			children = (
				5BD6A80E27FB2F3900EA2A14 /* Dabu.app */,
				5BD6A82427FB2F3A00EA2A14 /* DabuTests.xctest */,
				5BD6A82E27FB2F3A00EA2A14 /* DabuUITests.xctest */,
			);
			name = Products;
			sourceTree = "<group>";
		};
		5BD6A81027FB2F3900EA2A14 /* Dabu */ = {
			isa = PBXGroup;
			children = (
				5BA7C7AF28067ECC00DC3F95 /* gojo.mp4 */,
				5BA7C7A62804B53300DC3F95 /* Progress View */,
				5B0BFEA527FEBB6A0030BC6F /* Models */,
				5B0BFEA427FEBB5E0030BC6F /* Controllers */,
				5BD6A81127FB2F3900EA2A14 /* AppDelegate.swift */,
				5BD6A81327FB2F3900EA2A14 /* SceneDelegate.swift */,
				5BD6A81727FB2F3900EA2A14 /* Main.storyboard */,
				5BD6A81A27FB2F3A00EA2A14 /* Assets.xcassets */,
				5BD6A81C27FB2F3A00EA2A14 /* LaunchScreen.storyboard */,
				5BD6A81F27FB2F3A00EA2A14 /* Info.plist */,
			);
			path = Dabu;
			sourceTree = "<group>";
		};
		5BD6A82727FB2F3A00EA2A14 /* DabuTests */ = {
			isa = PBXGroup;
			children = (
				5BD6A82827FB2F3A00EA2A14 /* DabuTests.swift */,
			);
			path = DabuTests;
			sourceTree = "<group>";
		};
		5BD6A83127FB2F3A00EA2A14 /* DabuUITests */ = {
			isa = PBXGroup;
			children = (
				5BD6A83227FB2F3A00EA2A14 /* DabuUITests.swift */,
				5BD6A83427FB2F3A00EA2A14 /* DabuUITestsLaunchTests.swift */,
			);
			path = DabuUITests;
			sourceTree = "<group>";
		};
		5BFC283B28049DB4004238DE /* Panel */ = {
			isa = PBXGroup;
			children = (
				5BFC283C28049DD4004238DE /* ClipPanelViewController.swift */,
			);
			path = Panel;
			sourceTree = "<group>";
		};
		91837C986CF8F56F129750E5 /* Frameworks */ = {
			isa = PBXGroup;
			children = (
				DCC8FFA39CED680C248E25FC /* Pods_Dabu.framework */,
			);
			name = Frameworks;
			sourceTree = "<group>";
		};
		ABE8D99B433FB744DF22F849 /* Pods */ = {
			isa = PBXGroup;
			children = (
				FBE7CE520327C63043401950 /* Pods-Dabu.debug.xcconfig */,
				1FDEAD81FDB593558E2E581F /* Pods-Dabu.release.xcconfig */,
			);
			path = Pods;
			sourceTree = "<group>";
		};
/* End PBXGroup section */

/* Begin PBXNativeTarget section */
		5BD6A80D27FB2F3900EA2A14 /* Dabu */ = {
			isa = PBXNativeTarget;
			buildConfigurationList = 5BD6A83827FB2F3A00EA2A14 /* Build configuration list for PBXNativeTarget "Dabu" */;
			buildPhases = (
				E950D77060A599DF0D624DFA /* [CP] Check Pods Manifest.lock */,
				5BD6A80A27FB2F3900EA2A14 /* Sources */,
				5BD6A80B27FB2F3900EA2A14 /* Frameworks */,
				5BD6A80C27FB2F3900EA2A14 /* Resources */,
				2D7BA56AA9C90F14CDD89DC2 /* [CP] Embed Pods Frameworks */,
			);
			buildRules = (
			);
			dependencies = (
			);
			name = Dabu;
			productName = Dabu;
			productReference = 5BD6A80E27FB2F3900EA2A14 /* Dabu.app */;
			productType = "com.apple.product-type.application";
		};
		5BD6A82327FB2F3A00EA2A14 /* DabuTests */ = {
			isa = PBXNativeTarget;
			buildConfigurationList = 5BD6A83B27FB2F3A00EA2A14 /* Build configuration list for PBXNativeTarget "DabuTests" */;
			buildPhases = (
				5BD6A82027FB2F3A00EA2A14 /* Sources */,
				5BD6A82127FB2F3A00EA2A14 /* Frameworks */,
				5BD6A82227FB2F3A00EA2A14 /* Resources */,
			);
			buildRules = (
			);
			dependencies = (
				5BD6A82627FB2F3A00EA2A14 /* PBXTargetDependency */,
			);
			name = DabuTests;
			productName = DabuTests;
			productReference = 5BD6A82427FB2F3A00EA2A14 /* DabuTests.xctest */;
			productType = "com.apple.product-type.bundle.unit-test";
		};
		5BD6A82D27FB2F3A00EA2A14 /* DabuUITests */ = {
			isa = PBXNativeTarget;
			buildConfigurationList = 5BD6A83E27FB2F3A00EA2A14 /* Build configuration list for PBXNativeTarget "DabuUITests" */;
			buildPhases = (
				5BD6A82A27FB2F3A00EA2A14 /* Sources */,
				5BD6A82B27FB2F3A00EA2A14 /* Frameworks */,
				5BD6A82C27FB2F3A00EA2A14 /* Resources */,
			);
			buildRules = (
			);
			dependencies = (
				5BD6A83027FB2F3A00EA2A14 /* PBXTargetDependency */,
			);
			name = DabuUITests;
			productName = DabuUITests;
			productReference = 5BD6A82E27FB2F3A00EA2A14 /* DabuUITests.xctest */;
			productType = "com.apple.product-type.bundle.ui-testing";
		};
/* End PBXNativeTarget section */

/* Begin PBXProject section */
		5BD6A80627FB2F3900EA2A14 /* Project object */ = {
			isa = PBXProject;
			attributes = {
				BuildIndependentTargetsInParallel = 1;
				LastSwiftUpdateCheck = 1320;
				LastUpgradeCheck = 1320;
				TargetAttributes = {
					5BD6A80D27FB2F3900EA2A14 = {
						CreatedOnToolsVersion = 13.2.1;
					};
					5BD6A82327FB2F3A00EA2A14 = {
						CreatedOnToolsVersion = 13.2.1;
						TestTargetID = 5BD6A80D27FB2F3900EA2A14;
					};
					5BD6A82D27FB2F3A00EA2A14 = {
						CreatedOnToolsVersion = 13.2.1;
						TestTargetID = 5BD6A80D27FB2F3900EA2A14;
					};
				};
			};
			buildConfigurationList = 5BD6A80927FB2F3900EA2A14 /* Build configuration list for PBXProject "Dabu" */;
			compatibilityVersion = "Xcode 13.0";
			developmentRegion = en;
			hasScannedForEncodings = 0;
			knownRegions = (
				en,
				Base,
			);
			mainGroup = 5BD6A80527FB2F3900EA2A14;
			productRefGroup = 5BD6A80F27FB2F3900EA2A14 /* Products */;
			projectDirPath = "";
			projectRoot = "";
			targets = (
				5BD6A80D27FB2F3900EA2A14 /* Dabu */,
				5BD6A82327FB2F3A00EA2A14 /* DabuTests */,
				5BD6A82D27FB2F3A00EA2A14 /* DabuUITests */,
			);
		};
/* End PBXProject section */

/* Begin PBXResourcesBuildPhase section */
		5BD6A80C27FB2F3900EA2A14 /* Resources */ = {
			isa = PBXResourcesBuildPhase;
			buildActionMask = 2147483647;
			files = (
				5B0BFE9F27FD942A0030BC6F /* UserProfile.xib in Resources */,
				5BD6A81E27FB2F3A00EA2A14 /* LaunchScreen.storyboard in Resources */,
				5BD6A81B27FB2F3A00EA2A14 /* Assets.xcassets in Resources */,
				5BA7C7B028067ECC00DC3F95 /* gojo.mp4 in Resources */,
				5BD6A81927FB2F3900EA2A14 /* Main.storyboard in Resources */,
			);
			runOnlyForDeploymentPostprocessing = 0;
		};
		5BD6A82227FB2F3A00EA2A14 /* Resources */ = {
			isa = PBXResourcesBuildPhase;
			buildActionMask = 2147483647;
			files = (
			);
			runOnlyForDeploymentPostprocessing = 0;
		};
		5BD6A82C27FB2F3A00EA2A14 /* Resources */ = {
			isa = PBXResourcesBuildPhase;
			buildActionMask = 2147483647;
			files = (
			);
			runOnlyForDeploymentPostprocessing = 0;
		};
/* End PBXResourcesBuildPhase section */

/* Begin PBXShellScriptBuildPhase section */
		2D7BA56AA9C90F14CDD89DC2 /* [CP] Embed Pods Frameworks */ = {
			isa = PBXShellScriptBuildPhase;
			buildActionMask = 2147483647;
			files = (
			);
			inputFileListPaths = (
				"${PODS_ROOT}/Target Support Files/Pods-Dabu/Pods-Dabu-frameworks-${CONFIGURATION}-input-files.xcfilelist",
			);
			name = "[CP] Embed Pods Frameworks";
			outputFileListPaths = (
				"${PODS_ROOT}/Target Support Files/Pods-Dabu/Pods-Dabu-frameworks-${CONFIGURATION}-output-files.xcfilelist",
			);
			runOnlyForDeploymentPostprocessing = 0;
			shellPath = /bin/sh;
			shellScript = "\"${PODS_ROOT}/Target Support Files/Pods-Dabu/Pods-Dabu-frameworks.sh\"\n";
			showEnvVarsInLog = 0;
		};
		E950D77060A599DF0D624DFA /* [CP] Check Pods Manifest.lock */ = {
			isa = PBXShellScriptBuildPhase;
			buildActionMask = 2147483647;
			files = (
			);
			inputFileListPaths = (
			);
			inputPaths = (
				"${PODS_PODFILE_DIR_PATH}/Podfile.lock",
				"${PODS_ROOT}/Manifest.lock",
			);
			name = "[CP] Check Pods Manifest.lock";
			outputFileListPaths = (
			);
			outputPaths = (
				"$(DERIVED_FILE_DIR)/Pods-Dabu-checkManifestLockResult.txt",
			);
			runOnlyForDeploymentPostprocessing = 0;
			shellPath = /bin/sh;
			shellScript = "diff \"${PODS_PODFILE_DIR_PATH}/Podfile.lock\" \"${PODS_ROOT}/Manifest.lock\" > /dev/null\nif [ $? != 0 ] ; then\n    # print error to STDERR\n    echo \"error: The sandbox is not in sync with the Podfile.lock. Run 'pod install' or update your CocoaPods installation.\" >&2\n    exit 1\nfi\n# This output is used by Xcode 'outputs' to avoid re-running this script phase.\necho \"SUCCESS\" > \"${SCRIPT_OUTPUT_FILE_0}\"\n";
			showEnvVarsInLog = 0;
		};
/* End PBXShellScriptBuildPhase section */

/* Begin PBXSourcesBuildPhase section */
		5BD6A80A27FB2F3900EA2A14 /* Sources */ = {
			isa = PBXSourcesBuildPhase;
			buildActionMask = 2147483647;
			files = (
				5B0BFE9527FD731B0030BC6F /* TopAnimeCollectionCell.swift in Sources */,
				5B26CCBB27FC38D800667152 /* SearchVC.swift in Sources */,
				5BC183442804035D008C39A4 /* AnimeClipDetailViewController.swift in Sources */,
				5BFC283D28049DD4004238DE /* ClipPanelViewController.swift in Sources */,
				5B26CCBD27FC38EC00667152 /* BookmarkVC.swift in Sources */,
				5B0BFE9B27FD8D0C0030BC6F /* PresentationController.swift in Sources */,
				5BFC283A28048E6A004238DE /* InClipViewController.swift in Sources */,
				5BA7C7AA2805046E00DC3F95 /* CircularProgressBarView.swift in Sources */,
				5BA7C7AC2805165400DC3F95 /* SearchResultViewController.swift in Sources */,
				5B0BFEB027FED5030030BC6F /* AnimeDetailViewController.swift in Sources */,
				5BD6A81627FB2F3900EA2A14 /* WatchNow.swift in Sources */,
				5BD6A81227FB2F3900EA2A14 /* AppDelegate.swift in Sources */,
				5BD6A84627FB4B2C00EA2A14 /* OtherClipsCollectionCell.swift in Sources */,
				5B0BFEAD27FED0190030BC6F /* AnimeListCollectionCell.swift in Sources */,
				5B26CC7927FC0F1000667152 /* RecommendedCollectionCell.swift in Sources */,
				5BC18346280410E9008C39A4 /* AnimeDetailClipsTableViewCell.swift in Sources */,
				5B0BFEA327FD96AE0030BC6F /* UserProfile.swift in Sources */,
				5BA7C7A32804AF8A00DC3F95 /* ResultViewController.swift in Sources */,
				5BA7C7AE28051A6F00DC3F95 /* ProgressTrackerBarView.swift in Sources */,
				5B0BFE9927FD7E140030BC6F /* Clips.swift in Sources */,
				5BD6A81427FB2F3900EA2A14 /* SceneDelegate.swift in Sources */,
				5B0BFE9727FD7D770030BC6F /* Anime.swift in Sources */,
				5BC183422803FC57008C39A4 /* BookmarkTableViewCell.swift in Sources */,
			);
			runOnlyForDeploymentPostprocessing = 0;
		};
		5BD6A82027FB2F3A00EA2A14 /* Sources */ = {
			isa = PBXSourcesBuildPhase;
			buildActionMask = 2147483647;
			files = (
				5BD6A82927FB2F3A00EA2A14 /* DabuTests.swift in Sources */,
			);
			runOnlyForDeploymentPostprocessing = 0;
		};
		5BD6A82A27FB2F3A00EA2A14 /* Sources */ = {
			isa = PBXSourcesBuildPhase;
			buildActionMask = 2147483647;
			files = (
				5BD6A83527FB2F3A00EA2A14 /* DabuUITestsLaunchTests.swift in Sources */,
				5BD6A83327FB2F3A00EA2A14 /* DabuUITests.swift in Sources */,
			);
			runOnlyForDeploymentPostprocessing = 0;
		};
/* End PBXSourcesBuildPhase section */

/* Begin PBXTargetDependency section */
		5BD6A82627FB2F3A00EA2A14 /* PBXTargetDependency */ = {
			isa = PBXTargetDependency;
			target = 5BD6A80D27FB2F3900EA2A14 /* Dabu */;
			targetProxy = 5BD6A82527FB2F3A00EA2A14 /* PBXContainerItemProxy */;
		};
		5BD6A83027FB2F3A00EA2A14 /* PBXTargetDependency */ = {
			isa = PBXTargetDependency;
			target = 5BD6A80D27FB2F3900EA2A14 /* Dabu */;
			targetProxy = 5BD6A82F27FB2F3A00EA2A14 /* PBXContainerItemProxy */;
		};
/* End PBXTargetDependency section */

/* Begin PBXVariantGroup section */
		5BD6A81727FB2F3900EA2A14 /* Main.storyboard */ = {
			isa = PBXVariantGroup;
			children = (
				5BD6A81827FB2F3900EA2A14 /* Base */,
			);
			name = Main.storyboard;
			sourceTree = "<group>";
		};
		5BD6A81C27FB2F3A00EA2A14 /* LaunchScreen.storyboard */ = {
			isa = PBXVariantGroup;
			children = (
				5BD6A81D27FB2F3A00EA2A14 /* Base */,
			);
			name = LaunchScreen.storyboard;
			sourceTree = "<group>";
		};
/* End PBXVariantGroup section */

/* Begin XCBuildConfiguration section */
		5BD6A83627FB2F3A00EA2A14 /* Debug */ = {
			isa = XCBuildConfiguration;
			buildSettings = {
				ALWAYS_SEARCH_USER_PATHS = NO;
				CLANG_ANALYZER_NONNULL = YES;
				CLANG_ANALYZER_NUMBER_OBJECT_CONVERSION = YES_AGGRESSIVE;
				CLANG_CXX_LANGUAGE_STANDARD = "gnu++17";
				CLANG_CXX_LIBRARY = "libc++";
				CLANG_ENABLE_MODULES = YES;
				CLANG_ENABLE_OBJC_ARC = YES;
				CLANG_ENABLE_OBJC_WEAK = YES;
				CLANG_WARN_BLOCK_CAPTURE_AUTORELEASING = YES;
				CLANG_WARN_BOOL_CONVERSION = YES;
				CLANG_WARN_COMMA = YES;
				CLANG_WARN_CONSTANT_CONVERSION = YES;
				CLANG_WARN_DEPRECATED_OBJC_IMPLEMENTATIONS = YES;
				CLANG_WARN_DIRECT_OBJC_ISA_USAGE = YES_ERROR;
				CLANG_WARN_DOCUMENTATION_COMMENTS = YES;
				CLANG_WARN_EMPTY_BODY = YES;
				CLANG_WARN_ENUM_CONVERSION = YES;
				CLANG_WARN_INFINITE_RECURSION = YES;
				CLANG_WARN_INT_CONVERSION = YES;
				CLANG_WARN_NON_LITERAL_NULL_CONVERSION = YES;
				CLANG_WARN_OBJC_IMPLICIT_RETAIN_SELF = YES;
				CLANG_WARN_OBJC_LITERAL_CONVERSION = YES;
				CLANG_WARN_OBJC_ROOT_CLASS = YES_ERROR;
				CLANG_WARN_QUOTED_INCLUDE_IN_FRAMEWORK_HEADER = YES;
				CLANG_WARN_RANGE_LOOP_ANALYSIS = YES;
				CLANG_WARN_STRICT_PROTOTYPES = YES;
				CLANG_WARN_SUSPICIOUS_MOVE = YES;
				CLANG_WARN_UNGUARDED_AVAILABILITY = YES_AGGRESSIVE;
				CLANG_WARN_UNREACHABLE_CODE = YES;
				CLANG_WARN__DUPLICATE_METHOD_MATCH = YES;
				COPY_PHASE_STRIP = NO;
				DEBUG_INFORMATION_FORMAT = dwarf;
				ENABLE_STRICT_OBJC_MSGSEND = YES;
				ENABLE_TESTABILITY = YES;
				GCC_C_LANGUAGE_STANDARD = gnu11;
				GCC_DYNAMIC_NO_PIC = NO;
				GCC_NO_COMMON_BLOCKS = YES;
				GCC_OPTIMIZATION_LEVEL = 0;
				GCC_PREPROCESSOR_DEFINITIONS = (
					"DEBUG=1",
					"$(inherited)",
				);
				GCC_WARN_64_TO_32_BIT_CONVERSION = YES;
				GCC_WARN_ABOUT_RETURN_TYPE = YES_ERROR;
				GCC_WARN_UNDECLARED_SELECTOR = YES;
				GCC_WARN_UNINITIALIZED_AUTOS = YES_AGGRESSIVE;
				GCC_WARN_UNUSED_FUNCTION = YES;
				GCC_WARN_UNUSED_VARIABLE = YES;
				IPHONEOS_DEPLOYMENT_TARGET = 15.2;
				MTL_ENABLE_DEBUG_INFO = INCLUDE_SOURCE;
				MTL_FAST_MATH = YES;
				ONLY_ACTIVE_ARCH = YES;
				SDKROOT = iphoneos;
				SWIFT_ACTIVE_COMPILATION_CONDITIONS = DEBUG;
				SWIFT_OPTIMIZATION_LEVEL = "-Onone";
			};
			name = Debug;
		};
		5BD6A83727FB2F3A00EA2A14 /* Release */ = {
			isa = XCBuildConfiguration;
			buildSettings = {
				ALWAYS_SEARCH_USER_PATHS = NO;
				CLANG_ANALYZER_NONNULL = YES;
				CLANG_ANALYZER_NUMBER_OBJECT_CONVERSION = YES_AGGRESSIVE;
				CLANG_CXX_LANGUAGE_STANDARD = "gnu++17";
				CLANG_CXX_LIBRARY = "libc++";
				CLANG_ENABLE_MODULES = YES;
				CLANG_ENABLE_OBJC_ARC = YES;
				CLANG_ENABLE_OBJC_WEAK = YES;
				CLANG_WARN_BLOCK_CAPTURE_AUTORELEASING = YES;
				CLANG_WARN_BOOL_CONVERSION = YES;
				CLANG_WARN_COMMA = YES;
				CLANG_WARN_CONSTANT_CONVERSION = YES;
				CLANG_WARN_DEPRECATED_OBJC_IMPLEMENTATIONS = YES;
				CLANG_WARN_DIRECT_OBJC_ISA_USAGE = YES_ERROR;
				CLANG_WARN_DOCUMENTATION_COMMENTS = YES;
				CLANG_WARN_EMPTY_BODY = YES;
				CLANG_WARN_ENUM_CONVERSION = YES;
				CLANG_WARN_INFINITE_RECURSION = YES;
				CLANG_WARN_INT_CONVERSION = YES;
				CLANG_WARN_NON_LITERAL_NULL_CONVERSION = YES;
				CLANG_WARN_OBJC_IMPLICIT_RETAIN_SELF = YES;
				CLANG_WARN_OBJC_LITERAL_CONVERSION = YES;
				CLANG_WARN_OBJC_ROOT_CLASS = YES_ERROR;
				CLANG_WARN_QUOTED_INCLUDE_IN_FRAMEWORK_HEADER = YES;
				CLANG_WARN_RANGE_LOOP_ANALYSIS = YES;
				CLANG_WARN_STRICT_PROTOTYPES = YES;
				CLANG_WARN_SUSPICIOUS_MOVE = YES;
				CLANG_WARN_UNGUARDED_AVAILABILITY = YES_AGGRESSIVE;
				CLANG_WARN_UNREACHABLE_CODE = YES;
				CLANG_WARN__DUPLICATE_METHOD_MATCH = YES;
				COPY_PHASE_STRIP = NO;
				DEBUG_INFORMATION_FORMAT = "dwarf-with-dsym";
				ENABLE_NS_ASSERTIONS = NO;
				ENABLE_STRICT_OBJC_MSGSEND = YES;
				GCC_C_LANGUAGE_STANDARD = gnu11;
				GCC_NO_COMMON_BLOCKS = YES;
				GCC_WARN_64_TO_32_BIT_CONVERSION = YES;
				GCC_WARN_ABOUT_RETURN_TYPE = YES_ERROR;
				GCC_WARN_UNDECLARED_SELECTOR = YES;
				GCC_WARN_UNINITIALIZED_AUTOS = YES_AGGRESSIVE;
				GCC_WARN_UNUSED_FUNCTION = YES;
				GCC_WARN_UNUSED_VARIABLE = YES;
				IPHONEOS_DEPLOYMENT_TARGET = 15.2;
				MTL_ENABLE_DEBUG_INFO = NO;
				MTL_FAST_MATH = YES;
				SDKROOT = iphoneos;
				SWIFT_COMPILATION_MODE = wholemodule;
				SWIFT_OPTIMIZATION_LEVEL = "-O";
				VALIDATE_PRODUCT = YES;
			};
			name = Release;
		};
		5BD6A83927FB2F3A00EA2A14 /* Debug */ = {
			isa = XCBuildConfiguration;
			baseConfigurationReference = FBE7CE520327C63043401950 /* Pods-Dabu.debug.xcconfig */;
			buildSettings = {
				ASSETCATALOG_COMPILER_APPICON_NAME = AppIcon;
				ASSETCATALOG_COMPILER_GLOBAL_ACCENT_COLOR_NAME = AccentColor;
				CODE_SIGN_STYLE = Automatic;
				CURRENT_PROJECT_VERSION = 1;
				GENERATE_INFOPLIST_FILE = YES;
				INFOPLIST_FILE = Dabu/Info.plist;
				INFOPLIST_KEY_CFBundleDisplayName = Dabu;
				INFOPLIST_KEY_UIApplicationSupportsIndirectInputEvents = YES;
				INFOPLIST_KEY_UILaunchStoryboardName = LaunchScreen;
				INFOPLIST_KEY_UIMainStoryboardFile = Main;
				INFOPLIST_KEY_UISupportedInterfaceOrientations_iPad = "UIInterfaceOrientationPortrait UIInterfaceOrientationPortraitUpsideDown UIInterfaceOrientationLandscapeLeft UIInterfaceOrientationLandscapeRight";
				INFOPLIST_KEY_UISupportedInterfaceOrientations_iPhone = "UIInterfaceOrientationPortrait UIInterfaceOrientationLandscapeLeft UIInterfaceOrientationLandscapeRight";
				LD_RUNPATH_SEARCH_PATHS = (
					"$(inherited)",
					"@executable_path/Frameworks",
				);
				MARKETING_VERSION = 1.0;
				PRODUCT_BUNDLE_IDENTIFIER = "Tinara-Nathania.Dabu";
				PRODUCT_NAME = "$(TARGET_NAME)";
				SWIFT_EMIT_LOC_STRINGS = YES;
				SWIFT_VERSION = 5.0;
				TARGETED_DEVICE_FAMILY = "1,2";
			};
			name = Debug;
		};
		5BD6A83A27FB2F3A00EA2A14 /* Release */ = {
			isa = XCBuildConfiguration;
			baseConfigurationReference = 1FDEAD81FDB593558E2E581F /* Pods-Dabu.release.xcconfig */;
			buildSettings = {
				ASSETCATALOG_COMPILER_APPICON_NAME = AppIcon;
				ASSETCATALOG_COMPILER_GLOBAL_ACCENT_COLOR_NAME = AccentColor;
				CODE_SIGN_STYLE = Automatic;
				CURRENT_PROJECT_VERSION = 1;
				GENERATE_INFOPLIST_FILE = YES;
				INFOPLIST_FILE = Dabu/Info.plist;
				INFOPLIST_KEY_CFBundleDisplayName = Dabu;
				INFOPLIST_KEY_UIApplicationSupportsIndirectInputEvents = YES;
				INFOPLIST_KEY_UILaunchStoryboardName = LaunchScreen;
				INFOPLIST_KEY_UIMainStoryboardFile = Main;
				INFOPLIST_KEY_UISupportedInterfaceOrientations_iPad = "UIInterfaceOrientationPortrait UIInterfaceOrientationPortraitUpsideDown UIInterfaceOrientationLandscapeLeft UIInterfaceOrientationLandscapeRight";
				INFOPLIST_KEY_UISupportedInterfaceOrientations_iPhone = "UIInterfaceOrientationPortrait UIInterfaceOrientationLandscapeLeft UIInterfaceOrientationLandscapeRight";
				LD_RUNPATH_SEARCH_PATHS = (
					"$(inherited)",
					"@executable_path/Frameworks",
				);
				MARKETING_VERSION = 1.0;
				PRODUCT_BUNDLE_IDENTIFIER = "Tinara-Nathania.Dabu";
				PRODUCT_NAME = "$(TARGET_NAME)";
				SWIFT_EMIT_LOC_STRINGS = YES;
				SWIFT_VERSION = 5.0;
				TARGETED_DEVICE_FAMILY = "1,2";
			};
			name = Release;
		};
		5BD6A83C27FB2F3A00EA2A14 /* Debug */ = {
			isa = XCBuildConfiguration;
			buildSettings = {
				ALWAYS_EMBED_SWIFT_STANDARD_LIBRARIES = YES;
				BUNDLE_LOADER = "$(TEST_HOST)";
				CODE_SIGN_STYLE = Automatic;
				CURRENT_PROJECT_VERSION = 1;
				GENERATE_INFOPLIST_FILE = YES;
				IPHONEOS_DEPLOYMENT_TARGET = 15.2;
				MARKETING_VERSION = 1.0;
				PRODUCT_BUNDLE_IDENTIFIER = "Tinara-Nathania.DabuTests";
				PRODUCT_NAME = "$(TARGET_NAME)";
				SWIFT_EMIT_LOC_STRINGS = NO;
				SWIFT_VERSION = 5.0;
				TARGETED_DEVICE_FAMILY = "1,2";
				TEST_HOST = "$(BUILT_PRODUCTS_DIR)/Dabu.app/Dabu";
			};
			name = Debug;
		};
		5BD6A83D27FB2F3A00EA2A14 /* Release */ = {
			isa = XCBuildConfiguration;
			buildSettings = {
				ALWAYS_EMBED_SWIFT_STANDARD_LIBRARIES = YES;
				BUNDLE_LOADER = "$(TEST_HOST)";
				CODE_SIGN_STYLE = Automatic;
				CURRENT_PROJECT_VERSION = 1;
				GENERATE_INFOPLIST_FILE = YES;
				IPHONEOS_DEPLOYMENT_TARGET = 15.2;
				MARKETING_VERSION = 1.0;
				PRODUCT_BUNDLE_IDENTIFIER = "Tinara-Nathania.DabuTests";
				PRODUCT_NAME = "$(TARGET_NAME)";
				SWIFT_EMIT_LOC_STRINGS = NO;
				SWIFT_VERSION = 5.0;
				TARGETED_DEVICE_FAMILY = "1,2";
				TEST_HOST = "$(BUILT_PRODUCTS_DIR)/Dabu.app/Dabu";
			};
			name = Release;
		};
		5BD6A83F27FB2F3A00EA2A14 /* Debug */ = {
			isa = XCBuildConfiguration;
			buildSettings = {
				ALWAYS_EMBED_SWIFT_STANDARD_LIBRARIES = YES;
				CODE_SIGN_STYLE = Automatic;
				CURRENT_PROJECT_VERSION = 1;
				GENERATE_INFOPLIST_FILE = YES;
				MARKETING_VERSION = 1.0;
				PRODUCT_BUNDLE_IDENTIFIER = "Tinara-Nathania.DabuUITests";
				PRODUCT_NAME = "$(TARGET_NAME)";
				SWIFT_EMIT_LOC_STRINGS = NO;
				SWIFT_VERSION = 5.0;
				TARGETED_DEVICE_FAMILY = "1,2";
				TEST_TARGET_NAME = Dabu;
			};
			name = Debug;
		};
		5BD6A84027FB2F3A00EA2A14 /* Release */ = {
			isa = XCBuildConfiguration;
			buildSettings = {
				ALWAYS_EMBED_SWIFT_STANDARD_LIBRARIES = YES;
				CODE_SIGN_STYLE = Automatic;
				CURRENT_PROJECT_VERSION = 1;
				GENERATE_INFOPLIST_FILE = YES;
				MARKETING_VERSION = 1.0;
				PRODUCT_BUNDLE_IDENTIFIER = "Tinara-Nathania.DabuUITests";
				PRODUCT_NAME = "$(TARGET_NAME)";
				SWIFT_EMIT_LOC_STRINGS = NO;
				SWIFT_VERSION = 5.0;
				TARGETED_DEVICE_FAMILY = "1,2";
				TEST_TARGET_NAME = Dabu;
			};
			name = Release;
		};
/* End XCBuildConfiguration section */

/* Begin XCConfigurationList section */
		5BD6A80927FB2F3900EA2A14 /* Build configuration list for PBXProject "Dabu" */ = {
			isa = XCConfigurationList;
			buildConfigurations = (
				5BD6A83627FB2F3A00EA2A14 /* Debug */,
				5BD6A83727FB2F3A00EA2A14 /* Release */,
			);
			defaultConfigurationIsVisible = 0;
			defaultConfigurationName = Release;
		};
		5BD6A83827FB2F3A00EA2A14 /* Build configuration list for PBXNativeTarget "Dabu" */ = {
			isa = XCConfigurationList;
			buildConfigurations = (
				5BD6A83927FB2F3A00EA2A14 /* Debug */,
				5BD6A83A27FB2F3A00EA2A14 /* Release */,
			);
			defaultConfigurationIsVisible = 0;
			defaultConfigurationName = Release;
		};
		5BD6A83B27FB2F3A00EA2A14 /* Build configuration list for PBXNativeTarget "DabuTests" */ = {
			isa = XCConfigurationList;
			buildConfigurations = (
				5BD6A83C27FB2F3A00EA2A14 /* Debug */,
				5BD6A83D27FB2F3A00EA2A14 /* Release */,
			);
			defaultConfigurationIsVisible = 0;
			defaultConfigurationName = Release;
		};
		5BD6A83E27FB2F3A00EA2A14 /* Build configuration list for PBXNativeTarget "DabuUITests" */ = {
			isa = XCConfigurationList;
			buildConfigurations = (
				5BD6A83F27FB2F3A00EA2A14 /* Debug */,
				5BD6A84027FB2F3A00EA2A14 /* Release */,
			);
			defaultConfigurationIsVisible = 0;
			defaultConfigurationName = Release;
		};
/* End XCConfigurationList section */
	};
	rootObject = 5BD6A80627FB2F3900EA2A14 /* Project object */;
}
